// !$*UTF8*$!
{
	archiveVersion = 1;
	classes = {
	};
	objectVersion = 77;
	objects = {

/* Begin PBXContainerItemProxy section */
		E95A7D0B2F93EA3D00CD0F25 /* PBXContainerItemProxy */ = {
			isa = PBXContainerItemProxy;
			containerPortal = E95A7CF52F93EA3C00CD0F25 /* Project object */;
			proxyType = 1;
			remoteGlobalIDString = E95A7CFC2F93EA3C00CD0F25;
			remoteInfo = ScotiabankTestApp;
		};
		E95A7D152F93EA3D00CD0F25 /* PBXContainerItemProxy */ = {
			isa = PBXContainerItemProxy;
			containerPortal = E95A7CF52F93EA3C00CD0F25 /* Project object */;
			proxyType = 1;
			remoteGlobalIDString = E95A7CFC2F93EA3C00CD0F25;
			remoteInfo = ScotiabankTestApp;
		};
/* End PBXContainerItemProxy section */

/* Begin PBXFileReference section */
		E95A7CFD2F93EA3C00CD0F25 /* ScotiabankTestApp.app */ = {isa = PBXFileReference; explicitFileType = wrapper.application; includeInIndex = 0; path = ScotiabankTestApp.app; sourceTree = BUILT_PRODUCTS_DIR; };
		E95A7D0A2F93EA3D00CD0F25 /* ScotiabankTestAppTests.xctest */ = {isa = PBXFileReference; explicitFileType = wrapper.cfbundle; includeInIndex = 0; path = ScotiabankTestAppTests.xctest; sourceTree = BUILT_PRODUCTS_DIR; };
		E95A7D142F93EA3D00CD0F25 /* ScotiabankTestAppUITests.xctest */ = {isa = PBXFileReference; explicitFileType = wrapper.cfbundle; includeInIndex = 0; path = ScotiabankTestAppUITests.xctest; sourceTree = BUILT_PRODUCTS_DIR; };
/* End PBXFileReference section */

/* Begin PBXFileSystemSynchronizedRootGroup section */
		E95A7CFF2F93EA3C00CD0F25 /* ScotiabankTestApp */ = {
			isa = PBXFileSystemSynchronizedRootGroup;
			path = ScotiabankTestApp;
			sourceTree = "<group>";
		};
		E95A7D0D2F93EA3D00CD0F25 /* ScotiabankTestAppTests */ = {
			isa = PBXFileSystemSynchronizedRootGroup;
			path = ScotiabankTestAppTests;
			sourceTree = "<group>";
		};
		E95A7D172F93EA3D00CD0F25 /* ScotiabankTestAppUITests */ = {
			isa = PBXFileSystemSynchronizedRootGroup;
			path = ScotiabankTestAppUITests;
			sourceTree = "<group>";
		};
/* End PBXFileSystemSynchronizedRootGroup section */

/* Begin PBXFrameworksBuildPhase section */
		E95A7CFA2F93EA3C00CD0F25 /* Frameworks */ = {
			isa = PBXFrameworksBuildPhase;
			buildActionMask = 2147483647;
			files = (
			);
			runOnlyForDeploymentPostprocessing = 0;
		};
		E95A7D072F93EA3D00CD0F25 /* Frameworks */ = {
			isa = PBXFrameworksBuildPhase;
			buildActionMask = 2147483647;
			files = (
			);
			runOnlyForDeploymentPostprocessing = 0;
		};
		E95A7D112F93EA3D00CD0F25 /* Frameworks */ = {
			isa = PBXFrameworksBuildPhase;
			buildActionMask = 2147483647;
			files = (
			);
			runOnlyForDeploymentPostprocessing = 0;
		};
/* End PBXFrameworksBuildPhase section */

/* Begin PBXGroup section */
		E95A7CF42F93EA3C00CD0F25 = {
			isa = PBXGroup;
			children = (
				E95A7CFF2F93EA3C00CD0F25 /* ScotiabankTestApp */,
				E95A7D0D2F93EA3D00CD0F25 /* ScotiabankTestAppTests */,
				E95A7D172F93EA3D00CD0F25 /* ScotiabankTestAppUITests */,
				E95A7CFE2F93EA3C00CD0F25 /* Products */,
			);
			sourceTree = "<group>";
		};
		E95A7CFE2F93EA3C00CD0F25 /* Products */ = {
			isa = PBXGroup;
			children = (
				E95A7CFD2F93EA3C00CD0F25 /* ScotiabankTestApp.app */,
				E95A7D0A2F93EA3D00CD0F25 /* ScotiabankTestAppTests.xctest */,
				E95A7D142F93EA3D00CD0F25 /* ScotiabankTestAppUITests.xctest */,
			);
			name = Products;
			sourceTree = "<group>";
		};
/* End PBXGroup section */

/* Begin PBXNativeTarget section */
		E95A7CFC2F93EA3C00CD0F25 /* ScotiabankTestApp */ = {
			isa = PBXNativeTarget;
			buildConfigurationList = E95A7D1E2F93EA3D00CD0F25 /* Build configuration list for PBXNativeTarget "ScotiabankTestApp" */;
			buildPhases = (
				E95A7CF92F93EA3C00CD0F25 /* Sources */,
				E95A7CFA2F93EA3C00CD0F25 /* Frameworks */,
				E95A7CFB2F93EA3C00CD0F25 /* Resources */,
			);
			buildRules = (
			);
			dependencies = (
			);
			fileSystemSynchronizedGroups = (
				E95A7CFF2F93EA3C00CD0F25 /* ScotiabankTestApp */,
			);
			name = ScotiabankTestApp;
			packageProductDependencies = (
			);
			productName = ScotiabankTestApp;
			productReference = E95A7CFD2F93EA3C00CD0F25 /* ScotiabankTestApp.app */;
			productType = "com.apple.product-type.application";
		};
		E95A7D092F93EA3D00CD0F25 /* ScotiabankTestAppTests */ = {
			isa = PBXNativeTarget;
			buildConfigurationList = E95A7D212F93EA3D00CD0F25 /* Build configuration list for PBXNativeTarget "ScotiabankTestAppTests" */;
			buildPhases = (
				E95A7D062F93EA3D00CD0F25 /* Sources */,
				E95A7D072F93EA3D00CD0F25 /* Frameworks */,
				E95A7D082F93EA3D00CD0F25 /* Resources */,
			);
			buildRules = (
			);
			dependencies = (
				E95A7D0C2F93EA3D00CD0F25 /* PBXTargetDependency */,
			);
			fileSystemSynchronizedGroups = (
				E95A7D0D2F93EA3D00CD0F25 /* ScotiabankTestAppTests */,
			);
			name = ScotiabankTestAppTests;
			packageProductDependencies = (
			);
			productName = ScotiabankTestAppTests;
			productReference = E95A7D0A2F93EA3D00CD0F25 /* ScotiabankTestAppTests.xctest */;
			productType = "com.apple.product-type.bundle.unit-test";
		};
		E95A7D132F93EA3D00CD0F25 /* ScotiabankTestAppUITests */ = {
			isa = PBXNativeTarget;
			buildConfigurationList = E95A7D242F93EA3D00CD0F25 /* Build configuration list for PBXNativeTarget "ScotiabankTestAppUITests" */;
			buildPhases = (
				E95A7D102F93EA3D00CD0F25 /* Sources */,
				E95A7D112F93EA3D00CD0F25 /* Frameworks */,
				E95A7D122F93EA3D00CD0F25 /* Resources */,
			);
			buildRules = (
			);
			dependencies = (
				E95A7D162F93EA3D00CD0F25 /* PBXTargetDependency */,
			);
			fileSystemSynchronizedGroups = (
				E95A7D172F93EA3D00CD0F25 /* ScotiabankTestAppUITests */,
			);
			name = ScotiabankTestAppUITests;
			packageProductDependencies = (
			);
			productName = ScotiabankTestAppUITests;
			productReference = E95A7D142F93EA3D00CD0F25 /* ScotiabankTestAppUITests.xctest */;
			productType = "com.apple.product-type.bundle.ui-testing";
		};
/* End PBXNativeTarget section */

/* Begin PBXProject section */
		E95A7CF52F93EA3C00CD0F25 /* Project object */ = {
			isa = PBXProject;
			attributes = {
				BuildIndependentTargetsInParallel = 1;
				LastSwiftUpdateCheck = 2620;
				LastUpgradeCheck = 2620;
				TargetAttributes = {
					E95A7CFC2F93EA3C00CD0F25 = {
						CreatedOnToolsVersion = 26.2;
					};
					E95A7D092F93EA3D00CD0F25 = {
						CreatedOnToolsVersion = 26.2;
						TestTargetID = E95A7CFC2F93EA3C00CD0F25;
					};
					E95A7D132F93EA3D00CD0F25 = {
						CreatedOnToolsVersion = 26.2;
						TestTargetID = E95A7CFC2F93EA3C00CD0F25;
					};
				};
			};
			buildConfigurationList = E95A7CF82F93EA3C00CD0F25 /* Build configuration list for PBXProject "ScotiabankTestApp" */;
			developmentRegion = en;
			hasScannedForEncodings = 0;
			knownRegions = (
				en,
				Base,
			);
			mainGroup = E95A7CF42F93EA3C00CD0F25;
			minimizedProjectReferenceProxies = 1;
			preferredProjectObjectVersion = 77;
			productRefGroup = E95A7CFE2F93EA3C00CD0F25 /* Products */;
			projectDirPath = "";
			projectRoot = "";
			targets = (
				E95A7CFC2F93EA3C00CD0F25 /* ScotiabankTestApp */,
				E95A7D092F93EA3D00CD0F25 /* ScotiabankTestAppTests */,
				E95A7D132F93EA3D00CD0F25 /* ScotiabankTestAppUITests */,
			);
		};
/* End PBXProject section */

/* Begin PBXResourcesBuildPhase section */
		E95A7CFB2F93EA3C00CD0F25 /* Resources */ = {
			isa = PBXResourcesBuildPhase;
			buildActionMask = 2147483647;
			files = (
			);
			runOnlyForDeploymentPostprocessing = 0;
		};
		E95A7D082F93EA3D00CD0F25 /* Resources */ = {
			isa = PBXResourcesBuildPhase;
			buildActionMask = 2147483647;
			files = (
			);
			runOnlyForDeploymentPostprocessing = 0;
		};
		E95A7D122F93EA3D00CD0F25 /* Resources */ = {
			isa = PBXResourcesBuildPhase;
			buildActionMask = 2147483647;
			files = (
			);
			runOnlyForDeploymentPostprocessing = 0;
		};
/* End PBXResourcesBuildPhase section */

/* Begin PBXSourcesBuildPhase section */
		E95A7CF92F93EA3C00CD0F25 /* Sources */ = {
			isa = PBXSourcesBuildPhase;
			buildActionMask = 2147483647;
			files = (
			);
			runOnlyForDeploymentPostprocessing = 0;
		};
		E95A7D062F93EA3D00CD0F25 /* Sources */ = {
			isa = PBXSourcesBuildPhase;
			buildActionMask = 2147483647;
			files = (
			);
			runOnlyForDeploymentPostprocessing = 0;
		};
		E95A7D102F93EA3D00CD0F25 /* Sources */ = {
			isa = PBXSourcesBuildPhase;
			buildActionMask = 2147483647;
			files = (
			);
			runOnlyForDeploymentPostprocessing = 0;
		};
/* End PBXSourcesBuildPhase section */

/* Begin PBXTargetDependency section */
		E95A7D0C2F93EA3D00CD0F25 /* PBXTargetDependency */ = {
			isa = PBXTargetDependency;
			target = E95A7CFC2F93EA3C00CD0F25 /* ScotiabankTestApp */;
			targetProxy = E95A7D0B2F93EA3D00CD0F25 /* PBXContainerItemProxy */;
		};
		E95A7D162F93EA3D00CD0F25 /* PBXTargetDependency */ = {
			isa = PBXTargetDependency;
			target = E95A7CFC2F93EA3C00CD0F25 /* ScotiabankTestApp */;
			targetProxy = E95A7D152F93EA3D00CD0F25 /* PBXContainerItemProxy */;
		};
/* End PBXTargetDependency section */

/* Begin XCBuildConfiguration section */
		E95A7D1C2F93EA3D00CD0F25 /* Debug */ = {
			isa = XCBuildConfiguration;
			buildSettings = {
				ALWAYS_SEARCH_USER_PATHS = NO;
				ASSETCATALOG_COMPILER_GENERATE_SWIFT_ASSET_SYMBOL_EXTENSIONS = YES;
				CLANG_ANALYZER_NONNULL = YES;
				CLANG_ANALYZER_NUMBER_OBJECT_CONVERSION = YES_AGGRESSIVE;
				CLANG_CXX_LANGUAGE_STANDARD = "gnu++20";
				CLANG_ENABLE_MODULES = YES;
				CLANG_ENABLE_OBJC_ARC = YES;
				CLANG_ENABLE_OBJC_WEAK = YES;
				CLANG_WARN_BLOCK_CAPTURE_AUTORELEASING = YES;
				CLANG_WARN_BOOL_CONVERSION = YES;
				CLANG_WARN_COMMA = YES;
				CLANG_WARN_CONSTANT_CONVERSION = YES;
				CLANG_WARN_DEPRECATED_OBJC_IMPLEMENTATIONS = YES;
				CLANG_WARN_DIRECT_OBJC_ISA_USAGE = YES_ERROR;
				CLANG_WARN_DOCUMENTATION_COMMENTS = YES;
				CLANG_WARN_EMPTY_BODY = YES;
				CLANG_WARN_ENUM_CONVERSION = YES;
				CLANG_WARN_INFINITE_RECURSION = YES;
				CLANG_WARN_INT_CONVERSION = YES;
				CLANG_WARN_NON_LITERAL_NULL_CONVERSION = YES;
				CLANG_WARN_OBJC_IMPLICIT_RETAIN_SELF = YES;
				CLANG_WARN_OBJC_LITERAL_CONVERSION = YES;
				CLANG_WARN_OBJC_ROOT_CLASS = YES_ERROR;
				CLANG_WARN_QUOTED_INCLUDE_IN_FRAMEWORK_HEADER = YES;
				CLANG_WARN_RANGE_LOOP_ANALYSIS = YES;
				CLANG_WARN_STRICT_PROTOTYPES = YES;
				CLANG_WARN_SUSPICIOUS_MOVE = YES;
				CLANG_WARN_UNGUARDED_AVAILABILITY = YES_AGGRESSIVE;
				CLANG_WARN_UNREACHABLE_CODE = YES;
				CLANG_WARN__DUPLICATE_METHOD_MATCH = YES;
				COPY_PHASE_STRIP = NO;
				DEBUG_INFORMATION_FORMAT = dwarf;
				ENABLE_STRICT_OBJC_MSGSEND = YES;
				ENABLE_TESTABILITY = YES;
				ENABLE_USER_SCRIPT_SANDBOXING = YES;
				GCC_C_LANGUAGE_STANDARD = gnu17;
				GCC_DYNAMIC_NO_PIC = NO;
				GCC_NO_COMMON_BLOCKS = YES;
				GCC_OPTIMIZATION_LEVEL = 0;
				GCC_PREPROCESSOR_DEFINITIONS = (
					"DEBUG=1",
					"$(inherited)",
				);
				GCC_WARN_64_TO_32_BIT_CONVERSION = YES;
				GCC_WARN_ABOUT_RETURN_TYPE = YES_ERROR;
				GCC_WARN_UNDECLARED_SELECTOR = YES;
				GCC_WARN_UNINITIALIZED_AUTOS = YES_AGGRESSIVE;
				GCC_WARN_UNUSED_FUNCTION = YES;
				GCC_WARN_UNUSED_VARIABLE = YES;
				IPHONEOS_DEPLOYMENT_TARGET = 26.2;
				LOCALIZATION_PREFERS_STRING_CATALOGS = YES;
				MTL_ENABLE_DEBUG_INFO = INCLUDE_SOURCE;
				MTL_FAST_MATH = YES;
				ONLY_ACTIVE_ARCH = YES;
				SDKROOT = iphoneos;
				SWIFT_ACTIVE_COMPILATION_CONDITIONS = "DEBUG $(inherited)";
				SWIFT_EMIT_LOC_STRINGS = YES;
				SWIFT_OPTIMIZATION_LEVEL = "-Onone";
			};
			name = Debug;
		};
		E95A7D1D2F93EA3D00CD0F25 /* Release */ = {
			isa = XCBuildConfiguration;
			buildSettings = {
				ALWAYS_SEARCH_USER_PATHS = NO;
				ASSETCATALOG_COMPILER_GENERATE_SWIFT_ASSET_SYMBOL_EXTENSIONS = YES;
				CLANG_ANALYZER_NONNULL = YES;
				CLANG_ANALYZER_NUMBER_OBJECT_CONVERSION = YES_AGGRESSIVE;
				CLANG_CXX_LANGUAGE_STANDARD = "gnu++20";
				CLANG_ENABLE_MODULES = YES;
				CLANG_ENABLE_OBJC_ARC = YES;
				CLANG_ENABLE_OBJC_WEAK = YES;
				CLANG_WARN_BLOCK_CAPTURE_AUTORELEASING = YES;
				CLANG_WARN_BOOL_CONVERSION = YES;
				CLANG_WARN_COMMA = YES;
				CLANG_WARN_CONSTANT_CONVERSION = YES;
				CLANG_WARN_DEPRECATED_OBJC_IMPLEMENTATIONS = YES;
				CLANG_WARN_DIRECT_OBJC_ISA_USAGE = YES_ERROR;
				CLANG_WARN_DOCUMENTATION_COMMENTS = YES;
				CLANG_WARN_EMPTY_BODY = YES;
				CLANG_WARN_ENUM_CONVERSION = YES;
				CLANG_WARN_INFINITE_RECURSION = YES;
				CLANG_WARN_INT_CONVERSION = YES;
				CLANG_WARN_NON_LITERAL_NULL_CONVERSION = YES;
				CLANG_WARN_OBJC_IMPLICIT_RETAIN_SELF = YES;
				CLANG_WARN_OBJC_LITERAL_CONVERSION = YES;
				CLANG_WARN_OBJC_ROOT_CLASS = YES_ERROR;
				CLANG_WARN_QUOTED_INCLUDE_IN_FRAMEWORK_HEADER = YES;
				CLANG_WARN_RANGE_LOOP_ANALYSIS = YES;
				CLANG_WARN_STRICT_PROTOTYPES = YES;
				CLANG_WARN_SUSPICIOUS_MOVE = YES;
				CLANG_WARN_UNGUARDED_AVAILABILITY = YES_AGGRESSIVE;
				CLANG_WARN_UNREACHABLE_CODE = YES;
				CLANG_WARN__DUPLICATE_METHOD_MATCH = YES;
				COPY_PHASE_STRIP = NO;
				DEBUG_INFORMATION_FORMAT = "dwarf-with-dsym";
				ENABLE_NS_ASSERTIONS = NO;
				ENABLE_STRICT_OBJC_MSGSEND = YES;
				ENABLE_USER_SCRIPT_SANDBOXING = YES;
				GCC_C_LANGUAGE_STANDARD = gnu17;
				GCC_NO_COMMON_BLOCKS = YES;
				GCC_WARN_64_TO_32_BIT_CONVERSION = YES;
				GCC_WARN_ABOUT_RETURN_TYPE = YES_ERROR;
				GCC_WARN_UNDECLARED_SELECTOR = YES;
				GCC_WARN_UNINITIALIZED_AUTOS = YES_AGGRESSIVE;
				GCC_WARN_UNUSED_FUNCTION = YES;
				GCC_WARN_UNUSED_VARIABLE = YES;
				IPHONEOS_DEPLOYMENT_TARGET = 26.2;
				LOCALIZATION_PREFERS_STRING_CATALOGS = YES;
				MTL_ENABLE_DEBUG_INFO = NO;
				MTL_FAST_MATH = YES;
				SDKROOT = iphoneos;
				SWIFT_COMPILATION_MODE = wholemodule;
				SWIFT_EMIT_LOC_STRINGS = YES;
				VALIDATE_PRODUCT = YES;
			};
			name = Release;
		};
		E95A7D1F2F93EA3D00CD0F25 /* Debug */ = {
			isa = XCBuildConfiguration;
			buildSettings = {
				ASSETCATALOG_COMPILER_APPICON_NAME = AppIcon;
				ASSETCATALOG_COMPILER_GLOBAL_ACCENT_COLOR_NAME = AccentColor;
				CODE_SIGN_STYLE = Automatic;
				CURRENT_PROJECT_VERSION = 1;
				ENABLE_PREVIEWS = YES;
				GENERATE_INFOPLIST_FILE = YES;
				INFOPLIST_KEY_UIApplicationSceneManifest_Generation = YES;
				INFOPLIST_KEY_UIApplicationSupportsIndirectInputEvents = YES;
				INFOPLIST_KEY_UILaunchScreen_Generation = YES;
				INFOPLIST_KEY_UISupportedInterfaceOrientations_iPad = "UIInterfaceOrientationPortrait UIInterfaceOrientationPortraitUpsideDown UIInterfaceOrientationLandscapeLeft UIInterfaceOrientationLandscapeRight";
				INFOPLIST_KEY_UISupportedInterfaceOrientations_iPhone = "UIInterfaceOrientationPortrait UIInterfaceOrientationLandscapeLeft UIInterfaceOrientationLandscapeRight";
				LD_RUNPATH_SEARCH_PATHS = (
					"$(inherited)",
					"@executable_path/Frameworks",
				);
				MARKETING_VERSION = 1.0;
				PRODUCT_BUNDLE_IDENTIFIER = com.thomas.ScotiabankTestApp;
				PRODUCT_NAME = "$(TARGET_NAME)";
				STRING_CATALOG_GENERATE_SYMBOLS = YES;
				SWIFT_APPROACHABLE_CONCURRENCY = YES;
				SWIFT_DEFAULT_ACTOR_ISOLATION = MainActor;
				SWIFT_EMIT_LOC_STRINGS = YES;
				SWIFT_UPCOMING_FEATURE_MEMBER_IMPORT_VISIBILITY = YES;
				SWIFT_VERSION = 5.0;
				TARGETED_DEVICE_FAMILY = "1,2";
			};
			name = Debug;
		};
		E95A7D202F93EA3D00CD0F25 /* Release */ = {
			isa = XCBuildConfiguration;
			buildSettings = {
				ASSETCATALOG_COMPILER_APPICON_NAME = AppIcon;
				ASSETCATALOG_COMPILER_GLOBAL_ACCENT_COLOR_NAME = AccentColor;
				CODE_SIGN_STYLE = Automatic;
				CURRENT_PROJECT_VERSION = 1;
				ENABLE_PREVIEWS = YES;
				GENERATE_INFOPLIST_FILE = YES;
				INFOPLIST_KEY_UIApplicationSceneManifest_Generation = YES;
				INFOPLIST_KEY_UIApplicationSupportsIndirectInputEvents = YES;
				INFOPLIST_KEY_UILaunchScreen_Generation = YES;
				INFOPLIST_KEY_UISupportedInterfaceOrientations_iPad = "UIInterfaceOrientationPortrait UIInterfaceOrientationPortraitUpsideDown UIInterfaceOrientationLandscapeLeft UIInterfaceOrientationLandscapeRight";
				INFOPLIST_KEY_UISupportedInterfaceOrientations_iPhone = "UIInterfaceOrientationPortrait UIInterfaceOrientationLandscapeLeft UIInterfaceOrientationLandscapeRight";
				LD_RUNPATH_SEARCH_PATHS = (
					"$(inherited)",
					"@executable_path/Frameworks",
				);
				MARKETING_VERSION = 1.0;
				PRODUCT_BUNDLE_IDENTIFIER = com.thomas.ScotiabankTestApp;
				PRODUCT_NAME = "$(TARGET_NAME)";
				STRING_CATALOG_GENERATE_SYMBOLS = YES;
				SWIFT_APPROACHABLE_CONCURRENCY = YES;
				SWIFT_DEFAULT_ACTOR_ISOLATION = MainActor;
				SWIFT_EMIT_LOC_STRINGS = YES;
				SWIFT_UPCOMING_FEATURE_MEMBER_IMPORT_VISIBILITY = YES;
				SWIFT_VERSION = 5.0;
				TARGETED_DEVICE_FAMILY = "1,2";
			};
			name = Release;
		};
		E95A7D222F93EA3D00CD0F25 /* Debug */ = {
			isa = XCBuildConfiguration;
			buildSettings = {
				BUNDLE_LOADER = "$(TEST_HOST)";
				CODE_SIGN_STYLE = Automatic;
				CURRENT_PROJECT_VERSION = 1;
				GENERATE_INFOPLIST_FILE = YES;
				IPHONEOS_DEPLOYMENT_TARGET = 26.2;
				MARKETING_VERSION = 1.0;
				PRODUCT_BUNDLE_IDENTIFIER = com.thomas.ScotiabankTestAppTests;
				PRODUCT_NAME = "$(TARGET_NAME)";
				STRING_CATALOG_GENERATE_SYMBOLS = NO;
				SWIFT_APPROACHABLE_CONCURRENCY = YES;
				SWIFT_EMIT_LOC_STRINGS = NO;
				SWIFT_UPCOMING_FEATURE_MEMBER_IMPORT_VISIBILITY = YES;
				SWIFT_VERSION = 5.0;
				TARGETED_DEVICE_FAMILY = "1,2";
				TEST_HOST = "$(BUILT_PRODUCTS_DIR)/ScotiabankTestApp.app/$(BUNDLE_EXECUTABLE_FOLDER_PATH)/ScotiabankTestApp";
			};
			name = Debug;
		};
		E95A7D232F93EA3D00CD0F25 /* Release */ = {
			isa = XCBuildConfiguration;
			buildSettings = {
				BUNDLE_LOADER = "$(TEST_HOST)";
				CODE_SIGN_STYLE = Automatic;
				CURRENT_PROJECT_VERSION = 1;
				GENERATE_INFOPLIST_FILE = YES;
				IPHONEOS_DEPLOYMENT_TARGET = 26.2;
				MARKETING_VERSION = 1.0;
				PRODUCT_BUNDLE_IDENTIFIER = com.thomas.ScotiabankTestAppTests;
				PRODUCT_NAME = "$(TARGET_NAME)";
				STRING_CATALOG_GENERATE_SYMBOLS = NO;
				SWIFT_APPROACHABLE_CONCURRENCY = YES;
				SWIFT_EMIT_LOC_STRINGS = NO;
				SWIFT_UPCOMING_FEATURE_MEMBER_IMPORT_VISIBILITY = YES;
				SWIFT_VERSION = 5.0;
				TARGETED_DEVICE_FAMILY = "1,2";
				TEST_HOST = "$(BUILT_PRODUCTS_DIR)/ScotiabankTestApp.app/$(BUNDLE_EXECUTABLE_FOLDER_PATH)/ScotiabankTestApp";
			};
			name = Release;
		};
		E95A7D252F93EA3D00CD0F25 /* Debug */ = {
			isa = XCBuildConfiguration;
			buildSettings = {
				CODE_SIGN_STYLE = Automatic;
				CURRENT_PROJECT_VERSION = 1;
				GENERATE_INFOPLIST_FILE = YES;
				MARKETING_VERSION = 1.0;
				PRODUCT_BUNDLE_IDENTIFIER = com.thomas.ScotiabankTestAppUITests;
				PRODUCT_NAME = "$(TARGET_NAME)";
				STRING_CATALOG_GENERATE_SYMBOLS = NO;
				SWIFT_APPROACHABLE_CONCURRENCY = YES;
				SWIFT_EMIT_LOC_STRINGS = NO;
				SWIFT_UPCOMING_FEATURE_MEMBER_IMPORT_VISIBILITY = YES;
				SWIFT_VERSION = 5.0;
				TARGETED_DEVICE_FAMILY = "1,2";
				TEST_TARGET_NAME = ScotiabankTestApp;
			};
			name = Debug;
		};
		E95A7D262F93EA3D00CD0F25 /* Release */ = {
			isa = XCBuildConfiguration;
			buildSettings = {
				CODE_SIGN_STYLE = Automatic;
				CURRENT_PROJECT_VERSION = 1;
				GENERATE_INFOPLIST_FILE = YES;
				MARKETING_VERSION = 1.0;
				PRODUCT_BUNDLE_IDENTIFIER = com.thomas.ScotiabankTestAppUITests;
				PRODUCT_NAME = "$(TARGET_NAME)";
				STRING_CATALOG_GENERATE_SYMBOLS = NO;
				SWIFT_APPROACHABLE_CONCURRENCY = YES;
				SWIFT_EMIT_LOC_STRINGS = NO;
				SWIFT_UPCOMING_FEATURE_MEMBER_IMPORT_VISIBILITY = YES;
				SWIFT_VERSION = 5.0;
				TARGETED_DEVICE_FAMILY = "1,2";
				TEST_TARGET_NAME = ScotiabankTestApp;
			};
			name = Release;
		};
/* End XCBuildConfiguration section */

/* Begin XCConfigurationList section */
		E95A7CF82F93EA3C00CD0F25 /* Build configuration list for PBXProject "ScotiabankTestApp" */ = {
			isa = XCConfigurationList;
			buildConfigurations = (
				E95A7D1C2F93EA3D00CD0F25 /* Debug */,
				E95A7D1D2F93EA3D00CD0F25 /* Release */,
			);
			defaultConfigurationIsVisible = 0;
			defaultConfigurationName = Release;
		};
		E95A7D1E2F93EA3D00CD0F25 /* Build configuration list for PBXNativeTarget "ScotiabankTestApp" */ = {
			isa = XCConfigurationList;
			buildConfigurations = (
				E95A7D1F2F93EA3D00CD0F25 /* Debug */,
				E95A7D202F93EA3D00CD0F25 /* Release */,
			);
			defaultConfigurationIsVisible = 0;
			defaultConfigurationName = Release;
		};
		E95A7D212F93EA3D00CD0F25 /* Build configuration list for PBXNativeTarget "ScotiabankTestAppTests" */ = {
			isa = XCConfigurationList;
			buildConfigurations = (
				E95A7D222F93EA3D00CD0F25 /* Debug */,
				E95A7D232F93EA3D00CD0F25 /* Release */,
			);
			defaultConfigurationIsVisible = 0;
			defaultConfigurationName = Release;
		};
		E95A7D242F93EA3D00CD0F25 /* Build configuration list for PBXNativeTarget "ScotiabankTestAppUITests" */ = {
			isa = XCConfigurationList;
			buildConfigurations = (
				E95A7D252F93EA3D00CD0F25 /* Debug */,
				E95A7D262F93EA3D00CD0F25 /* Release */,
			);
			defaultConfigurationIsVisible = 0;
			defaultConfigurationName = Release;
		};
/* End XCConfigurationList section */
	};
	rootObject = E95A7CF52F93EA3C00CD0F25 /* Project object */;
}
